
Microsoft Visual Studio Solution File, Format Version 12.00
# Visual Studio Version 17
VisualStudioVersion = 17.3.32929.385
MinimumVisualStudioVersion = 10.0.40219.1
Project("{9A19103F-16F7-4668-BE54-9A1E7A4F7556}") = "KuzeyYildizi", "KuzeyYildizi.csproj", "{361C98B3-9340-45E3-8666-D82CC5BE497F}"
EndProject
Project("{840C416C-B8F3-42BC-B0DD-F6BB14C9F8CB}") = "KuzeyYildiziSetup", "..\KuzeyYildiziSetup\KuzeyYildiziSetup.aiproj", "{F66F9853-795D-40AC-A7D6-BD9631F605B4}"
EndProject
Global
	GlobalSection(SolutionConfigurationPlatforms) = preSolution
		All|Any CPU = All|Any CPU
		Debug|Any CPU = Debug|Any CPU
		DefaultBuild|Any CPU = DefaultBuild|Any CPU
		Release|Any CPU = Release|Any CPU
	EndGlobalSection
	GlobalSection(ProjectConfigurationPlatforms) = postSolution
		{361C98B3-9340-45E3-8666-D82CC5BE497F}.All|Any CPU.ActiveCfg = Release|Any CPU
		{361C98B3-9340-45E3-8666-D82CC5BE497F}.All|Any CPU.Build.0 = Release|Any CPU
		{361C98B3-9340-45E3-8666-D82CC5BE497F}.Debug|Any CPU.ActiveCfg = Debug|Any CPU
		{361C98B3-9340-45E3-8666-D82CC5BE497F}.Debug|Any CPU.Build.0 = Debug|Any CPU
		{361C98B3-9340-45E3-8666-D82CC5BE497F}.DefaultBuild|Any CPU.ActiveCfg = Debug|Any CPU
		{361C98B3-9340-45E3-8666-D82CC5BE497F}.DefaultBuild|Any CPU.Build.0 = Debug|Any CPU
		{361C98B3-9340-45E3-8666-D82CC5BE497F}.Release|Any CPU.ActiveCfg = Release|Any CPU
		{361C98B3-9340-45E3-8666-D82CC5BE497F}.Release|Any CPU.Build.0 = Release|Any CPU
		{F66F9853-795D-40AC-A7D6-BD9631F605B4}.All|Any CPU.ActiveCfg = DefaultBuild
		{F66F9853-795D-40AC-A7D6-BD9631F605B4}.All|Any CPU.Build.0 = DefaultBuild
		{F66F9853-795D-40AC-A7D6-BD9631F605B4}.Debug|Any CPU.ActiveCfg = DefaultBuild
		{F66F9853-795D-40AC-A7D6-BD9631F605B4}.Debug|Any CPU.Build.0 = DefaultBuild
		{F66F9853-795D-40AC-A7D6-BD9631F605B4}.DefaultBuild|Any CPU.ActiveCfg = DefaultBuild
		{F66F9853-795D-40AC-A7D6-BD9631F605B4}.DefaultBuild|Any CPU.Build.0 = DefaultBuild
		{F66F9853-795D-40AC-A7D6-BD9631F605B4}.Release|Any CPU.ActiveCfg = DefaultBuild
		{F66F9853-795D-40AC-A7D6-BD9631F605B4}.Release|Any CPU.Build.0 = DefaultBuild
	EndGlobalSection
	GlobalSection(SolutionProperties) = preSolution
		HideSolutionNode = FALSE
	EndGlobalSection
	GlobalSection(ExtensibilityGlobals) = postSolution
		SolutionGuid = {025BD4B4-AAC7-48AD-8D65-AF5EF3A98E03}
	EndGlobalSection
EndGlobal
